
Microsoft Visual Studio Solution File, Format Version 12.00
# Visual Studio 15
VisualStudioVersion = 15.0.28307.902
MinimumVisualStudioVersion = 10.0.40219.1
Project("{FAE04EC0-301F-11D3-BF4B-00C04F79EFBC}") = "Chapter6.Android", "Chapter6\Chapter6.Android\Chapter6.Android.csproj", "{BAF6D18A-136A-41F7-ACCC-48E8A5C1A0BF}"
EndProject
Project("{FAE04EC0-301F-11D3-BF4B-00C04F79EFBC}") = "Chapter6.iOS", "Chapter6\Chapter6.iOS\Chapter6.iOS.csproj", "{D67B546E-D076-4E02-B299-7E6EFC20CE54}"
EndProject
Project("{FAE04EC0-301F-11D3-BF4B-00C04F79EFBC}") = "Chapter6", "Chapter6\Chapter6\Chapter6.csproj", "{D08EA869-90F8-412C-B522-CDF366563426}"
EndProject
Global
	GlobalSection(SolutionConfigurationPlatforms) = preSolution
		Ad-Hoc|Any CPU = Ad-Hoc|Any CPU
		Ad-Hoc|iPhone = Ad-Hoc|iPhone
		Ad-Hoc|iPhoneSimulator = Ad-Hoc|iPhoneSimulator
		AppStore|Any CPU = AppStore|Any CPU
		AppStore|iPhone = AppStore|iPhone
		AppStore|iPhoneSimulator = AppStore|iPhoneSimulator
		Debug|Any CPU = Debug|Any CPU
		Debug|iPhone = Debug|iPhone
		Debug|iPhoneSimulator = Debug|iPhoneSimulator
		Release|Any CPU = Release|Any CPU
		Release|iPhone = Release|iPhone
		Release|iPhoneSimulator = Release|iPhoneSimulator
	EndGlobalSection
	GlobalSection(ProjectConfigurationPlatforms) = postSolution
		{BAF6D18A-136A-41F7-ACCC-48E8A5C1A0BF}.Ad-Hoc|Any CPU.ActiveCfg = Release|Any CPU
		{BAF6D18A-136A-41F7-ACCC-48E8A5C1A0BF}.Ad-Hoc|Any CPU.Build.0 = Release|Any CPU
		{BAF6D18A-136A-41F7-ACCC-48E8A5C1A0BF}.Ad-Hoc|Any CPU.Deploy.0 = Release|Any CPU
		{BAF6D18A-136A-41F7-ACCC-48E8A5C1A0BF}.Ad-Hoc|iPhone.ActiveCfg = Release|Any CPU
		{BAF6D18A-136A-41F7-ACCC-48E8A5C1A0BF}.Ad-Hoc|iPhone.Build.0 = Release|Any CPU
		{BAF6D18A-136A-41F7-ACCC-48E8A5C1A0BF}.Ad-Hoc|iPhone.Deploy.0 = Release|Any CPU
		{BAF6D18A-136A-41F7-ACCC-48E8A5C1A0BF}.Ad-Hoc|iPhoneSimulator.ActiveCfg = Release|Any CPU
		{BAF6D18A-136A-41F7-ACCC-48E8A5C1A0BF}.Ad-Hoc|iPhoneSimulator.Build.0 = Release|Any CPU
		{BAF6D18A-136A-41F7-ACCC-48E8A5C1A0BF}.Ad-Hoc|iPhoneSimulator.Deploy.0 = Release|Any CPU
		{BAF6D18A-136A-41F7-ACCC-48E8A5C1A0BF}.AppStore|Any CPU.ActiveCfg = Release|Any CPU
		{BAF6D18A-136A-41F7-ACCC-48E8A5C1A0BF}.AppStore|Any CPU.Build.0 = Release|Any CPU
		{BAF6D18A-136A-41F7-ACCC-48E8A5C1A0BF}.AppStore|Any CPU.Deploy.0 = Release|Any CPU
		{BAF6D18A-136A-41F7-ACCC-48E8A5C1A0BF}.AppStore|iPhone.ActiveCfg = Release|Any CPU
		{BAF6D18A-136A-41F7-ACCC-48E8A5C1A0BF}.AppStore|iPhone.Build.0 = Release|Any CPU
		{BAF6D18A-136A-41F7-ACCC-48E8A5C1A0BF}.AppStore|iPhone.Deploy.0 = Release|Any CPU
		{BAF6D18A-136A-41F7-ACCC-48E8A5C1A0BF}.AppStore|iPhoneSimulator.ActiveCfg = Release|Any CPU
		{BAF6D18A-136A-41F7-ACCC-48E8A5C1A0BF}.AppStore|iPhoneSimulator.Build.0 = Release|Any CPU
		{BAF6D18A-136A-41F7-ACCC-48E8A5C1A0BF}.AppStore|iPhoneSimulator.Deploy.0 = Release|Any CPU
		{BAF6D18A-136A-41F7-ACCC-48E8A5C1A0BF}.Debug|Any CPU.ActiveCfg = Debug|Any CPU
		{BAF6D18A-136A-41F7-ACCC-48E8A5C1A0BF}.Debug|Any CPU.Build.0 = Debug|Any CPU
		{BAF6D18A-136A-41F7-ACCC-48E8A5C1A0BF}.Debug|Any CPU.Deploy.0 = Debug|Any CPU
		{BAF6D18A-136A-41F7-ACCC-48E8A5C1A0BF}.Debug|iPhone.ActiveCfg = Debug|Any CPU
		{BAF6D18A-136A-41F7-ACCC-48E8A5C1A0BF}.Debug|iPhone.Build.0 = Debug|Any CPU
		{BAF6D18A-136A-41F7-ACCC-48E8A5C1A0BF}.Debug|iPhone.Deploy.0 = Debug|Any CPU
		{BAF6D18A-136A-41F7-ACCC-48E8A5C1A0BF}.Debug|iPhoneSimulator.ActiveCfg = Debug|Any CPU
		{BAF6D18A-136A-41F7-ACCC-48E8A5C1A0BF}.Debug|iPhoneSimulator.Build.0 = Debug|Any CPU
		{BAF6D18A-136A-41F7-ACCC-48E8A5C1A0BF}.Debug|iPhoneSimulator.Deploy.0 = Debug|Any CPU
		{BAF6D18A-136A-41F7-ACCC-48E8A5C1A0BF}.Release|Any CPU.ActiveCfg = Release|Any CPU
		{BAF6D18A-136A-41F7-ACCC-48E8A5C1A0BF}.Release|Any CPU.Build.0 = Release|Any CPU
		{BAF6D18A-136A-41F7-ACCC-48E8A5C1A0BF}.Release|Any CPU.Deploy.0 = Release|Any CPU
		{BAF6D18A-136A-41F7-ACCC-48E8A5C1A0BF}.Release|iPhone.ActiveCfg = Release|Any CPU
		{BAF6D18A-136A-41F7-ACCC-48E8A5C1A0BF}.Release|iPhone.Build.0 = Release|Any CPU
		{BAF6D18A-136A-41F7-ACCC-48E8A5C1A0BF}.Release|iPhone.Deploy.0 = Release|Any CPU
		{BAF6D18A-136A-41F7-ACCC-48E8A5C1A0BF}.Release|iPhoneSimulator.ActiveCfg = Release|Any CPU
		{BAF6D18A-136A-41F7-ACCC-48E8A5C1A0BF}.Release|iPhoneSimulator.Build.0 = Release|Any CPU
		{BAF6D18A-136A-41F7-ACCC-48E8A5C1A0BF}.Release|iPhoneSimulator.Deploy.0 = Release|Any CPU
		{D67B546E-D076-4E02-B299-7E6EFC20CE54}.Ad-Hoc|Any CPU.ActiveCfg = Ad-Hoc|iPhone
		{D67B546E-D076-4E02-B299-7E6EFC20CE54}.Ad-Hoc|Any CPU.Build.0 = Ad-Hoc|iPhone
		{D67B546E-D076-4E02-B299-7E6EFC20CE54}.Ad-Hoc|Any CPU.Deploy.0 = Ad-Hoc|iPhone
		{D67B546E-D076-4E02-B299-7E6EFC20CE54}.Ad-Hoc|iPhone.ActiveCfg = Ad-Hoc|iPhone
		{D67B546E-D076-4E02-B299-7E6EFC20CE54}.Ad-Hoc|iPhone.Build.0 = Ad-Hoc|iPhone
		{D67B546E-D076-4E02-B299-7E6EFC20CE54}.Ad-Hoc|iPhone.Deploy.0 = Ad-Hoc|iPhone
		{D67B546E-D076-4E02-B299-7E6EFC20CE54}.Ad-Hoc|iPhoneSimulator.ActiveCfg = Ad-Hoc|iPhoneSimulator
		{D67B546E-D076-4E02-B299-7E6EFC20CE54}.Ad-Hoc|iPhoneSimulator.Build.0 = Ad-Hoc|iPhoneSimulator
		{D67B546E-D076-4E02-B299-7E6EFC20CE54}.Ad-Hoc|iPhoneSimulator.Deploy.0 = Ad-Hoc|iPhoneSimulator
		{D67B546E-D076-4E02-B299-7E6EFC20CE54}.AppStore|Any CPU.ActiveCfg = AppStore|iPhone
		{D67B546E-D076-4E02-B299-7E6EFC20CE54}.AppStore|Any CPU.Build.0 = AppStore|iPhone
		{D67B546E-D076-4E02-B299-7E6EFC20CE54}.AppStore|Any CPU.Deploy.0 = AppStore|iPhone
		{D67B546E-D076-4E02-B299-7E6EFC20CE54}.AppStore|iPhone.ActiveCfg = AppStore|iPhone
		{D67B546E-D076-4E02-B299-7E6EFC20CE54}.AppStore|iPhone.Build.0 = AppStore|iPhone
		{D67B546E-D076-4E02-B299-7E6EFC20CE54}.AppStore|iPhone.Deploy.0 = AppStore|iPhone
		{D67B546E-D076-4E02-B299-7E6EFC20CE54}.AppStore|iPhoneSimulator.ActiveCfg = AppStore|iPhoneSimulator
		{D67B546E-D076-4E02-B299-7E6EFC20CE54}.AppStore|iPhoneSimulator.Build.0 = AppStore|iPhoneSimulator
		{D67B546E-D076-4E02-B299-7E6EFC20CE54}.AppStore|iPhoneSimulator.Deploy.0 = AppStore|iPhoneSimulator
		{D67B546E-D076-4E02-B299-7E6EFC20CE54}.Debug|Any CPU.ActiveCfg = Debug|iPhoneSimulator
		{D67B546E-D076-4E02-B299-7E6EFC20CE54}.Debug|Any CPU.Build.0 = Debug|iPhoneSimulator
		{D67B546E-D076-4E02-B299-7E6EFC20CE54}.Debug|Any CPU.Deploy.0 = Debug|iPhoneSimulator
		{D67B546E-D076-4E02-B299-7E6EFC20CE54}.Debug|iPhone.ActiveCfg = Debug|iPhone
		{D67B546E-D076-4E02-B299-7E6EFC20CE54}.Debug|iPhone.Build.0 = Debug|iPhone
		{D67B546E-D076-4E02-B299-7E6EFC20CE54}.Debug|iPhone.Deploy.0 = Debug|iPhone
		{D67B546E-D076-4E02-B299-7E6EFC20CE54}.Debug|iPhoneSimulator.ActiveCfg = Debug|iPhoneSimulator
		{D67B546E-D076-4E02-B299-7E6EFC20CE54}.Debug|iPhoneSimulator.Build.0 = Debug|iPhoneSimulator
		{D67B546E-D076-4E02-B299-7E6EFC20CE54}.Debug|iPhoneSimulator.Deploy.0 = Debug|iPhoneSimulator
		{D67B546E-D076-4E02-B299-7E6EFC20CE54}.Release|Any CPU.ActiveCfg = Release|iPhone
		{D67B546E-D076-4E02-B299-7E6EFC20CE54}.Release|Any CPU.Build.0 = Release|iPhone
		{D67B546E-D076-4E02-B299-7E6EFC20CE54}.Release|Any CPU.Deploy.0 = Release|iPhone
		{D67B546E-D076-4E02-B299-7E6EFC20CE54}.Release|iPhone.ActiveCfg = Release|iPhone
		{D67B546E-D076-4E02-B299-7E6EFC20CE54}.Release|iPhone.Build.0 = Release|iPhone
		{D67B546E-D076-4E02-B299-7E6EFC20CE54}.Release|iPhone.Deploy.0 = Release|iPhone
		{D67B546E-D076-4E02-B299-7E6EFC20CE54}.Release|iPhoneSimulator.ActiveCfg = Release|iPhoneSimulator
		{D67B546E-D076-4E02-B299-7E6EFC20CE54}.Release|iPhoneSimulator.Build.0 = Release|iPhoneSimulator
		{D67B546E-D076-4E02-B299-7E6EFC20CE54}.Release|iPhoneSimulator.Deploy.0 = Release|iPhoneSimulator
		{D08EA869-90F8-412C-B522-CDF366563426}.Ad-Hoc|Any CPU.ActiveCfg = Debug|Any CPU
		{D08EA869-90F8-412C-B522-CDF366563426}.Ad-Hoc|Any CPU.Build.0 = Debug|Any CPU
		{D08EA869-90F8-412C-B522-CDF366563426}.Ad-Hoc|Any CPU.Deploy.0 = Debug|Any CPU
		{D08EA869-90F8-412C-B522-CDF366563426}.Ad-Hoc|iPhone.ActiveCfg = Debug|Any CPU
		{D08EA869-90F8-412C-B522-CDF366563426}.Ad-Hoc|iPhone.Build.0 = Debug|Any CPU
		{D08EA869-90F8-412C-B522-CDF366563426}.Ad-Hoc|iPhone.Deploy.0 = Debug|Any CPU
		{D08EA869-90F8-412C-B522-CDF366563426}.Ad-Hoc|iPhoneSimulator.ActiveCfg = Debug|Any CPU
		{D08EA869-90F8-412C-B522-CDF366563426}.Ad-Hoc|iPhoneSimulator.Build.0 = Debug|Any CPU
		{D08EA869-90F8-412C-B522-CDF366563426}.Ad-Hoc|iPhoneSimulator.Deploy.0 = Debug|Any CPU
		{D08EA869-90F8-412C-B522-CDF366563426}.AppStore|Any CPU.ActiveCfg = Debug|Any CPU
		{D08EA869-90F8-412C-B522-CDF366563426}.AppStore|Any CPU.Build.0 = Debug|Any CPU
		{D08EA869-90F8-412C-B522-CDF366563426}.AppStore|Any CPU.Deploy.0 = Debug|Any CPU
		{D08EA869-90F8-412C-B522-CDF366563426}.AppStore|iPhone.ActiveCfg = Debug|Any CPU
		{D08EA869-90F8-412C-B522-CDF366563426}.AppStore|iPhone.Build.0 = Debug|Any CPU
		{D08EA869-90F8-412C-B522-CDF366563426}.AppStore|iPhone.Deploy.0 = Debug|Any CPU
		{D08EA869-90F8-412C-B522-CDF366563426}.AppStore|iPhoneSimulator.ActiveCfg = Debug|Any CPU
		{D08EA869-90F8-412C-B522-CDF366563426}.AppStore|iPhoneSimulator.Build.0 = Debug|Any CPU
		{D08EA869-90F8-412C-B522-CDF366563426}.AppStore|iPhoneSimulator.Deploy.0 = Debug|Any CPU
		{D08EA869-90F8-412C-B522-CDF366563426}.Debug|Any CPU.ActiveCfg = Debug|Any CPU
		{D08EA869-90F8-412C-B522-CDF366563426}.Debug|Any CPU.Build.0 = Debug|Any CPU
		{D08EA869-90F8-412C-B522-CDF366563426}.Debug|Any CPU.Deploy.0 = Debug|Any CPU
		{D08EA869-90F8-412C-B522-CDF366563426}.Debug|iPhone.ActiveCfg = Debug|Any CPU
		{D08EA869-90F8-412C-B522-CDF366563426}.Debug|iPhone.Build.0 = Debug|Any CPU
		{D08EA869-90F8-412C-B522-CDF366563426}.Debug|iPhone.Deploy.0 = Debug|Any CPU
		{D08EA869-90F8-412C-B522-CDF366563426}.Debug|iPhoneSimulator.ActiveCfg = Debug|Any CPU
		{D08EA869-90F8-412C-B522-CDF366563426}.Debug|iPhoneSimulator.Build.0 = Debug|Any CPU
		{D08EA869-90F8-412C-B522-CDF366563426}.Debug|iPhoneSimulator.Deploy.0 = Debug|Any CPU
		{D08EA869-90F8-412C-B522-CDF366563426}.Release|Any CPU.ActiveCfg = Release|Any CPU
		{D08EA869-90F8-412C-B522-CDF366563426}.Release|Any CPU.Build.0 = Release|Any CPU
		{D08EA869-90F8-412C-B522-CDF366563426}.Release|Any CPU.Deploy.0 = Release|Any CPU
		{D08EA869-90F8-412C-B522-CDF366563426}.Release|iPhone.ActiveCfg = Release|Any CPU
		{D08EA869-90F8-412C-B522-CDF366563426}.Release|iPhone.Build.0 = Release|Any CPU
		{D08EA869-90F8-412C-B522-CDF366563426}.Release|iPhone.Deploy.0 = Release|Any CPU
		{D08EA869-90F8-412C-B522-CDF366563426}.Release|iPhoneSimulator.ActiveCfg = Release|Any CPU
		{D08EA869-90F8-412C-B522-CDF366563426}.Release|iPhoneSimulator.Build.0 = Release|Any CPU
		{D08EA869-90F8-412C-B522-CDF366563426}.Release|iPhoneSimulator.Deploy.0 = Release|Any CPU
	EndGlobalSection
	GlobalSection(SolutionProperties) = preSolution
		HideSolutionNode = FALSE
	EndGlobalSection
	GlobalSection(ExtensibilityGlobals) = postSolution
		SolutionGuid = {9FAA39F3-1B96-4A49-B4A9-15D91DB4D90A}
	EndGlobalSection
EndGlobal
